
Microsoft Visual Studio Solution File, Format Version 12.00
# Visual Studio Version 17
VisualStudioVersion = 17.3.32922.545
MinimumVisualStudioVersion = 10.0.40219.1
Project("{FAE04EC0-301F-11D3-BF4B-00C04F79EFBC}") = "LearningSQL-2022-2023", "LearningSQL-2022-2023.csproj", "{2CDF783D-0434-4E96-924C-33CFFF80DF5B}"
EndProject
Global
	GlobalSection(SolutionConfigurationPlatforms) = preSolution
		Debug|Any CPU = Debug|Any CPU
		Release|Any CPU = Release|Any CPU
	EndGlobalSection
	GlobalSection(ProjectConfigurationPlatforms) = postSolution
		{2CDF783D-0434-4E96-924C-33CFFF80DF5B}.Debug|Any CPU.ActiveCfg = Debug|Any CPU
		{2CDF783D-0434-4E96-924C-33CFFF80DF5B}.Debug|Any CPU.Build.0 = Debug|Any CPU
		{2CDF783D-0434-4E96-924C-33CFFF80DF5B}.Release|Any CPU.ActiveCfg = Release|Any CPU
		{2CDF783D-0434-4E96-924C-33CFFF80DF5B}.Release|Any CPU.Build.0 = Release|Any CPU
	EndGlobalSection
	GlobalSection(SolutionProperties) = preSolution
		HideSolutionNode = FALSE
	EndGlobalSection
	GlobalSection(ExtensibilityGlobals) = postSolution
		SolutionGuid = {F78FAE71-39CD-4E25-AA52-05D730A29C8E}
	EndGlobalSection
EndGlobal
